
Microsoft Visual Studio Solution File, Format Version 12.00
# Visual Studio Version 17
VisualStudioVersion = 17.9.34728.123
MinimumVisualStudioVersion = 10.0.40219.1
Project("{FAE04EC0-301F-11D3-BF4B-00C04F79EFBC}") = "DesignPatterns.Singleton", "DesignPatterns.Singleton\DesignPatterns.Singleton.csproj", "{47C6FA38-AC36-4918-91B8-8FB87526966D}"
EndProject
Global
	GlobalSection(SolutionConfigurationPlatforms) = preSolution
		Debug|Any CPU = Debug|Any CPU
		Release|Any CPU = Release|Any CPU
	EndGlobalSection
	GlobalSection(ProjectConfigurationPlatforms) = postSolution
		{47C6FA38-AC36-4918-91B8-8FB87526966D}.Debug|Any CPU.ActiveCfg = Debug|Any CPU
		{47C6FA38-AC36-4918-91B8-8FB87526966D}.Debug|Any CPU.Build.0 = Debug|Any CPU
		{47C6FA38-AC36-4918-91B8-8FB87526966D}.Release|Any CPU.ActiveCfg = Release|Any CPU
		{47C6FA38-AC36-4918-91B8-8FB87526966D}.Release|Any CPU.Build.0 = Release|Any CPU
	EndGlobalSection
	GlobalSection(SolutionProperties) = preSolution
		HideSolutionNode = FALSE
	EndGlobalSection
	GlobalSection(ExtensibilityGlobals) = postSolution
		SolutionGuid = {F2B2C85D-1ED4-48A6-A429-05FE34DEE95A}
	EndGlobalSection
EndGlobal
